
Microsoft Visual Studio Solution File, Format Version 12.00
# Visual Studio Version 16
VisualStudioVersion = 16.0.30413.136
MinimumVisualStudioVersion = 10.0.40219.1
Project("{FAE04EC0-301F-11D3-BF4B-00C04F79EFBC}") = "Lab3", "Lab3\Lab3.csproj", "{A16674C0-0DFE-4A47-949B-B1A66ECEA85F}"
EndProject
Global
	GlobalSection(SolutionConfigurationPlatforms) = preSolution
		Debug|Any CPU = Debug|Any CPU
		Release|Any CPU = Release|Any CPU
	EndGlobalSection
	GlobalSection(ProjectConfigurationPlatforms) = postSolution
		{A16674C0-0DFE-4A47-949B-B1A66ECEA85F}.Debug|Any CPU.ActiveCfg = Debug|Any CPU
		{A16674C0-0DFE-4A47-949B-B1A66ECEA85F}.Debug|Any CPU.Build.0 = Debug|Any CPU
		{A16674C0-0DFE-4A47-949B-B1A66ECEA85F}.Release|Any CPU.ActiveCfg = Release|Any CPU
		{A16674C0-0DFE-4A47-949B-B1A66ECEA85F}.Release|Any CPU.Build.0 = Release|Any CPU
	EndGlobalSection
	GlobalSection(SolutionProperties) = preSolution
		HideSolutionNode = FALSE
	EndGlobalSection
	GlobalSection(ExtensibilityGlobals) = postSolution
		SolutionGuid = {4F59EE24-96E2-44FB-B709-C47F890BFD96}
	EndGlobalSection
EndGlobal
